
Microsoft Visual Studio Solution File, Format Version 12.00
# Visual Studio Version 17
VisualStudioVersion = 17.3.32929.385
MinimumVisualStudioVersion = 10.0.40219.1
Project("{9A19103F-16F7-4668-BE54-9A1E7A4F7556}") = "TestDataverse", "TestDataverse\TestDataverse.csproj", "{C17EFD33-8BA5-4DA5-954D-8A4F39FA3701}"
EndProject
Project("{9A19103F-16F7-4668-BE54-9A1E7A4F7556}") = "MyTests", "MyTests\MyTests.csproj", "{0C6580A5-02DB-462D-8F77-4729594BB456}"
EndProject
Project("{2150E333-8FDC-42A3-9474-1A3956D46DE8}") = "Tests", "Tests", "{37E06CAD-98F1-45CC-AD5F-EF08E662648C}"
EndProject
Global
	GlobalSection(SolutionConfigurationPlatforms) = preSolution
		Debug|Any CPU = Debug|Any CPU
		Release|Any CPU = Release|Any CPU
	EndGlobalSection
	GlobalSection(ProjectConfigurationPlatforms) = postSolution
		{C17EFD33-8BA5-4DA5-954D-8A4F39FA3701}.Debug|Any CPU.ActiveCfg = Debug|Any CPU
		{C17EFD33-8BA5-4DA5-954D-8A4F39FA3701}.Debug|Any CPU.Build.0 = Debug|Any CPU
		{C17EFD33-8BA5-4DA5-954D-8A4F39FA3701}.Release|Any CPU.ActiveCfg = Release|Any CPU
		{C17EFD33-8BA5-4DA5-954D-8A4F39FA3701}.Release|Any CPU.Build.0 = Release|Any CPU
		{0C6580A5-02DB-462D-8F77-4729594BB456}.Debug|Any CPU.ActiveCfg = Debug|Any CPU
		{0C6580A5-02DB-462D-8F77-4729594BB456}.Debug|Any CPU.Build.0 = Debug|Any CPU
		{0C6580A5-02DB-462D-8F77-4729594BB456}.Release|Any CPU.ActiveCfg = Release|Any CPU
		{0C6580A5-02DB-462D-8F77-4729594BB456}.Release|Any CPU.Build.0 = Release|Any CPU
	EndGlobalSection
	GlobalSection(SolutionProperties) = preSolution
		HideSolutionNode = FALSE
	EndGlobalSection
	GlobalSection(ExtensibilityGlobals) = postSolution
		SolutionGuid = {B539CD82-452E-4183-87E7-C6D7CC731E9D}
	EndGlobalSection
EndGlobal
